{
    "_meta": {
        "hash": {
            "sha256": "9d4cb1d06d33bb55e90358ed925506eb288b4424da01c78d7436c78a24ae3ae4"
        },
        "pipfile-spec": 6,
        "requires": {
            "python_version": "3.8"
        },
        "sources": [
            {
                "name": "pypi",
                "url": "https://pypi.org/simple",
                "verify_ssl": true
            }
        ]
    },
    "default": {
        "absl-py": {
            "hashes": [
                "sha256:84e6dcdc69c947d0c13e5457d056bd43cade4c2393dce00d684aedea77ddc2a3",
                "sha256:ac511215c01ee9ae47b19716599e8ccfa746f2e18de72bdf641b79b22afa27ea"
            ],
            "markers": "python_version >= '3.6'",
            "version": "==1.0.0"
        },
        "mediapipe": {
            "hashes": [
                "sha256:1e8dfdf5c2c8af32808eb229506821a694da92f5ce56e66dc12c78cc01f155f7",
                "sha256:29fa79190249515e355d487ba8e238c761ffb9e5ba72a33651cf6b66d1ae7199",
                "sha256:840e4fae6442aecd66821d818fbc2e1bd0a3009debf29b6f448ec1b210b35566",
                "sha256:9dd1d266c3ab42d91c813a3bfd10894509dc10fbb625c5e96bc2e1c133366019",
                "sha256:abd3b04a890f629f6426d20a43d18237d3a87ce79cf5083fae8f061710aa4435",
                "sha256:d683584863a0686d4bef517481fd093a49ecccce31cd1cb090bd1cd7cf85a0ff"
            ],
            "index": "pypi",
            "version": "==0.7.10"
        },
        "nptyping": {
            "hashes": [
                "sha256:c8ff622f5eb166d45c5e68ebabdcc8c15d1a92e24fb9c88fd3e277e6f6f915b6"
            ],
            "index": "pypi",
            "version": "==1.3.0"
        },
        "numpy": {
            "hashes": [
                "sha256:03ae5850619abb34a879d5f2d4bb4dcd025d6d8fb72f5e461dae84edccfe129f",
                "sha256:076aee5a3763d41da6bef9565fdf3cb987606f567cd8b104aded2b38b7b47abf",
                "sha256:0b536b6840e84c1c6a410f3a5aa727821e6108f3454d81a5cd5900999ef04f89",
                "sha256:15efb7b93806d438e3bc590ca8ef2f953b0ce4f86f337ef4559d31ec6cf9d7dd",
                "sha256:168259b1b184aa83a514f307352c25c56af111c269ffc109d9704e81f72e764b",
                "sha256:2638389562bda1635b564490d76713695ff497242a83d9b684d27bb4a6cc9d7a",
                "sha256:3556c5550de40027d3121ebbb170f61bbe19eb639c7ad0c7b482cd9b560cd23b",
                "sha256:4a176959b6e7e00b5a0d6f549a479f869829bfd8150282c590deee6d099bbb6e",
                "sha256:515a8b6edbb904594685da6e176ac9fbea8f73a5ebae947281de6613e27f1956",
                "sha256:55535c7c2f61e2b2fc817c5cbe1af7cb907c7f011e46ae0a52caa4be1f19afe2",
                "sha256:59153979d60f5bfe9e4c00e401e24dfe0469ef8da6d68247439d3278f30a180f",
                "sha256:60cb8e5933193a3cc2912ee29ca331e9c15b2da034f76159b7abc520b3d1233a",
                "sha256:6767ad399e9327bfdbaa40871be4254d1995f4a3ca3806127f10cec778bd9896",
                "sha256:76a4f9bce0278becc2da7da3b8ef854bed41a991f4226911a24a9711baad672c",
                "sha256:8cf33634b60c9cef346663a222d9841d3bbbc0a2f00221d6bcfd0d993d5543f6",
                "sha256:94dd11d9f13ea1be17bac39c1942f527cbf7065f94953cf62dfe805653da2f8f",
                "sha256:aafa46b5a39a27aca566198d3312fb3bde95ce9677085efd02c86f7ef6be4ec7",
                "sha256:badca914580eb46385e7f7e4e426fea6de0a37b9e06bec252e481ae7ec287082",
                "sha256:d76a26c5118c4d96e264acc9e3242d72e1a2b92e739807b3b69d8d47684b6677"
            ],
            "markers": "python_version >= '3.8'",
            "version": "==1.22.2"
        },
        "opencv-contrib-python": {
            "hashes": [
                "sha256:0183ce912ca79cdb7d62ba66df2620d1c87d42cfa7ba5fe0fd98b2fe76af8344",
                "sha256:0373511f352acb487acca54e1f4973d1fa462c482bb93cbada9ff1fabf172d3a",
                "sha256:08642ddb44b51ee3ae3c6bc5be6849f1c752d739a64ff88f34ca58950cbc89ac",
                "sha256:257d608cf6d0c69e2136c4617ca70a742c1836790a7ffa80d261ac3ce999e0e8",
                "sha256:4791df7b719d812ea5db27559b79049aa9f2060ddcbcfb8025b8cc7257899202",
                "sha256:5f5ea6e32334ca2251e79f180f3bf577d1b9e7b4604f560b7c04fd6616a74c5e",
                "sha256:666803e037ff2e215af4b59c0b7d0163bf5f9c81a6efaa569fb3e8ba173ae442",
                "sha256:6afaa0cbcd281ef0e4dbf8e15bac3ad7c4df09ab00fbe24a8971f85fb8ed7672",
                "sha256:775981d4b2e54a788b342c456f9d3991e4cfb23833d600778deec88f801ef670",
                "sha256:ba222e33fab8cb1382ccababb25273c80c94a5962f999858d5e1f333c7015e0f",
                "sha256:c82a629b8a4b574bec4349c4d73e9212f15c798920ad981482acba07502960b6",
                "sha256:d355c98d58375a32a4a155173fbb9a1e36b5677dd65595e6b8ab5c7e3b562bf3",
                "sha256:ecec1210c50c91bc971d13cce21f0d60cc6d13c2205e49ca2cdc519e086dae44",
                "sha256:ee9ff47ce3a6c20b89600d2ea759dac48ef5f51f2c6ed409571a27a5f1662514",
                "sha256:f3747bd616dcd169a097df6b4ea54228cb849ba94f9fd83708521cc12e06603b"
            ],
            "index": "pypi",
            "version": "==4.4.0.44"
        },
        "opencv-python": {
            "hashes": [
                "sha256:03a2a01c1fd1169c96e33063041de8bd72659187ee157b42579ac15ba1eaed84",
                "sha256:2d7181944c5ecd9a769ea12b7f5b96d20bf2f6053823a8b94f3e4ef9d5e5fcff",
                "sha256:30acdf38ef78eafc3069d3bd48934b2c45fe8066c5954bab08f85ccb0e657b53",
                "sha256:399506ec1de6a1dbf8ee88ba0c8e0835909550d1ecfd82162e81172061d78eca",
                "sha256:52bd3022f65d00b40d854edfa6e1bb3593be41dae8c89352589e75ec28698cc9",
                "sha256:552ce4807c38ff3d0dcf062be2f15f2c422e50dabd903b1866dc2b26bb39c439",
                "sha256:8ae22b3cec89a39c634fcf541eeb98c55928d928b1318de4e381e2248a3f9cdd",
                "sha256:9b1650874e430ddedd4580a6fb93570714ce5e7748cf9c14d6f87e509c96e3dc",
                "sha256:9d3a10ca9518ec8db2dcbea566e1f4ac7d8a58905cad810ec668d2bf08fa2ac0",
                "sha256:b11da1a5ce310b13785597291f96bd5aeab00e9d993a575b7ce3afdd77fed6b4",
                "sha256:e05b942f3d1384d7a9fefc6b494b7349f0926a83442d43a4b20d4000cecba3e0",
                "sha256:e2534cb5a2dd4e86fc6927fde3e1b9a9cdc684f3a5bd4335f334d3afa392d755",
                "sha256:e4353d55dfd9f687e9f791d66148fbce511555b899943deab2f341a35f4c565e",
                "sha256:e500131871182746f4d9dd6049885d0b6d691ffb636f1b5a18b1125490f9dfee",
                "sha256:fb17c71ac963f42689776e423d889dc7bd5d1a6702d438a2ca508447a391c536",
                "sha256:fcdc1e86a8bd6d7d122f0e0271b48edd0060b3e82cda1b7fb55bf7345ccd687f"
            ],
            "index": "pypi",
            "version": "==3.4.11.43"
        },
        "protobuf": {
            "hashes": [
                "sha256:013a9ec4dccad9a6ed3aa1ad9e86a25a4e0d6d3bbe059b6f6502db20473c3e69",
                "sha256:0e00b4e4a4800b389ae7f0058e1fc9d012444fdde926569d8cce55c84a01ef74",
                "sha256:11f192d491613f692b3ddc18f06c925785b3019c8e35d32c811421ca9ff7d50e",
                "sha256:25f0ee57684f7bc3f0511b73cf55c016a891d09079c357794759663fe3da9cd3",
                "sha256:2ccc0169b5145b3af676b6997be6fe62961edfc12bb524a7b9c46fb5d208a3d4",
                "sha256:40f031f79b0254aa62082ca87776c0959d85adf99f09cdef9d0b320bb772a609",
                "sha256:44d824adb48fe8baf81e628c2edaf9911912cd592a83621d2b877ccfde631d61",
                "sha256:50f28efa66232a2fbbdd638dd61d9399ff66bcfde40ff305263b229692928081",
                "sha256:51e080fb1de5db54b0a6b1519ba8dda55e57404b0a4948e58f1342a3e15d89ec",
                "sha256:5c2ee13f5ea237a17bd81f52f972b7d334c0a43330d2a2a7b25b07f16eb146d8",
                "sha256:830a9c71df347b3fb3cd24ec985c4ed64f6e75983f543a1d8a3c96302dae915c",
                "sha256:867635c1d541ce336a1a4df3379d1116f02eba6dc326d080c8ef02f34036c415",
                "sha256:94b34486986d7683e83f9d02a0112533263fc20fae54fff3f4fd69451e682ec7",
                "sha256:ae4bcd5a0ce3f77d0523c3e5ed0d04ed2af454f7bf7cef08cb7a8d0915ac80a9",
                "sha256:b04449133e31b65924650d758efbc2397c2d0e5eb3c8cae7428ffc4fa9c3403d",
                "sha256:d892e487bd544463ce1e656434591593f710169335ac3f02ce30ee866c2f2464",
                "sha256:e9f13fadb15b80e4a83ef5d9fa44e19243b1e2d96e84ee2228ca305180ca059e",
                "sha256:ef69a10d45529a08367e70e736b3ce8e2af51360f23650ef1d4381ff9038467a",
                "sha256:f6d10b1f86cebb8008a256f474948fc6204391e02a9c12935eebf036bbb07b65",
                "sha256:fecf1b00ccc87bb8debca8b56458cc57c486d2d7afe22c7526728f79ffe232f4"
            ],
            "index": "pypi",
            "version": "==3.15.0"
        },
        "pytube3": {
            "hashes": [
                "sha256:98ae480a2d637572582e5c8b2e90fb7495f6d3a56daaffa7b2055113380f7d61",
                "sha256:a02694b097c897a2afc68777e142a3d5268046960d01d4e01ac0584fda4499b1"
            ],
            "index": "pypi",
            "version": "==9.6.4"
        },
        "six": {
            "hashes": [
                "sha256:1e61c37477a1626458e36f7b1d82aa5c9b094fa4802892072e49de9c60c4c926",
                "sha256:8abb2f1d86890a2dfb989f9a77cfcfd3e47c2a354b01111771326f8aa26e0254"
            ],
            "markers": "python_version >= '2.7' and python_version not in '3.0, 3.1, 3.2, 3.3'",
            "version": "==1.16.0"
        },
        "typing-extensions": {
            "hashes": [
                "sha256:4ca091dea149f945ec56afb48dae714f21e8692ef22a395223bcd328961b6a0e",
                "sha256:7f001e5ac290a0c0401508864c7ec868be4e701886d5b573a9528ed3973d9d3b"
            ],
            "markers": "python_version >= '3.6'",
            "version": "==4.0.1"
        },
        "typish": {
            "hashes": [
                "sha256:03cfee5e6eb856dbf90244e18f4e4c41044c8790d5779f4e775f63f982e2f896"
            ],
            "version": "==1.9.3"
        },
        "wheel": {
            "hashes": [
                "sha256:4bdcd7d840138086126cd09254dc6195fb4fc6f01c050a1d7236f2630db1d22a",
                "sha256:e9a504e793efbca1b8e0e9cb979a249cf4a0a7b5b8c9e8b65a5e39d49529c1c4"
            ],
            "markers": "python_version >= '2.7' and python_version not in '3.0, 3.1, 3.2, 3.3, 3.4'",
            "version": "==0.37.1"
        }
    },
    "develop": {}
}
