{
    "_meta": {
        "hash": {
            "sha256": "9d4cb1d06d33bb55e90358ed925506eb288b4424da01c78d7436c78a24ae3ae4"
        },
        "pipfile-spec": 6,
        "requires": {
            "python_version": "3.8"
        },
        "sources": [
            {
                "name": "pypi",
                "url": "https://pypi.org/simple",
                "verify_ssl": true
            }
        ]
    },
    "default": {
        "absl-py": {
            "hashes": [
                "sha256:3aa39f898329c2156ff525dfa69ce709e42d77aab18bf4917719d6f260aa6a08",
                "sha256:db97287655e30336938f8058d2c81ed2be6af1d9b6ebbcd8df1080a6c7fcd24e"
            ],
            "markers": "python_version >= '3.6'",
            "version": "==1.1.0"
        },
        "mediapipe": {
            "hashes": [
                "sha256:1e8dfdf5c2c8af32808eb229506821a694da92f5ce56e66dc12c78cc01f155f7",
                "sha256:29fa79190249515e355d487ba8e238c761ffb9e5ba72a33651cf6b66d1ae7199",
                "sha256:840e4fae6442aecd66821d818fbc2e1bd0a3009debf29b6f448ec1b210b35566",
                "sha256:9dd1d266c3ab42d91c813a3bfd10894509dc10fbb625c5e96bc2e1c133366019",
                "sha256:abd3b04a890f629f6426d20a43d18237d3a87ce79cf5083fae8f061710aa4435",
                "sha256:d683584863a0686d4bef517481fd093a49ecccce31cd1cb090bd1cd7cf85a0ff"
            ],
            "index": "pypi",
            "version": "==0.7.10"
        },
        "nptyping": {
            "hashes": [
                "sha256:c8ff622f5eb166d45c5e68ebabdcc8c15d1a92e24fb9c88fd3e277e6f6f915b6"
            ],
            "index": "pypi",
            "version": "==1.3.0"
        },
        "numpy": {
            "hashes": [
                "sha256:0cfe07133fd00b27edee5e6385e333e9eeb010607e8a46e1cd673f05f8596595",
                "sha256:11a1f3816ea82eed4178102c56281782690ab5993251fdfd75039aad4d20385f",
                "sha256:2762331de395739c91f1abb88041f94a080cb1143aeec791b3b223976228af3f",
                "sha256:283d9de87c0133ef98f93dfc09fad3fb382f2a15580de75c02b5bb36a5a159a5",
                "sha256:3d22662b4b10112c545c91a0741f2436f8ca979ab3d69d03d19322aa970f9695",
                "sha256:41388e32e40b41dd56eb37fcaa7488b2b47b0adf77c66154d6b89622c110dfe9",
                "sha256:42c16cec1c8cf2728f1d539bd55aaa9d6bb48a7de2f41eb944697293ef65a559",
                "sha256:47ee7a839f5885bc0c63a74aabb91f6f40d7d7b639253768c4199b37aede7982",
                "sha256:5a311ee4d983c487a0ab546708edbdd759393a3dc9cd30305170149fedd23c88",
                "sha256:5dc65644f75a4c2970f21394ad8bea1a844104f0fe01f278631be1c7eae27226",
                "sha256:6ed0d073a9c54ac40c41a9c2d53fcc3d4d4ed607670b9e7b0de1ba13b4cbfe6f",
                "sha256:76ba7c40e80f9dc815c5e896330700fd6e20814e69da9c1267d65a4d051080f1",
                "sha256:818b9be7900e8dc23e013a92779135623476f44a0de58b40c32a15368c01d471",
                "sha256:a024181d7aef0004d76fb3bce2a4c9f2e67a609a9e2a6ff2571d30e9976aa383",
                "sha256:a955e4128ac36797aaffd49ab44ec74a71c11d6938df83b1285492d277db5397",
                "sha256:a97a954a8c2f046d3817c2bce16e3c7e9a9c2afffaf0400f5c16df5172a67c9c",
                "sha256:a97e82c39d9856fe7d4f9b86d8a1e66eff99cf3a8b7ba48202f659703d27c46f",
                "sha256:b55b953a1bdb465f4dc181758570d321db4ac23005f90ffd2b434cc6609a63dd",
                "sha256:bb02929b0d6bfab4c48a79bd805bd7419114606947ec8284476167415171f55b",
                "sha256:bece0a4a49e60e472a6d1f70ac6cdea00f9ab80ff01132f96bd970cdd8a9e5a9",
                "sha256:e41e8951749c4b5c9a2dc5fdbc1a4eec6ab2a140fdae9b460b0f557eed870f4d",
                "sha256:f71d57cc8645f14816ae249407d309be250ad8de93ef61d9709b45a0ddf4050c"
            ],
            "index": "pypi",
            "version": "==1.22.0"
        },
        "opencv-contrib-python": {
            "hashes": [
                "sha256:0183ce912ca79cdb7d62ba66df2620d1c87d42cfa7ba5fe0fd98b2fe76af8344",
                "sha256:0373511f352acb487acca54e1f4973d1fa462c482bb93cbada9ff1fabf172d3a",
                "sha256:08642ddb44b51ee3ae3c6bc5be6849f1c752d739a64ff88f34ca58950cbc89ac",
                "sha256:257d608cf6d0c69e2136c4617ca70a742c1836790a7ffa80d261ac3ce999e0e8",
                "sha256:4791df7b719d812ea5db27559b79049aa9f2060ddcbcfb8025b8cc7257899202",
                "sha256:5f5ea6e32334ca2251e79f180f3bf577d1b9e7b4604f560b7c04fd6616a74c5e",
                "sha256:666803e037ff2e215af4b59c0b7d0163bf5f9c81a6efaa569fb3e8ba173ae442",
                "sha256:6afaa0cbcd281ef0e4dbf8e15bac3ad7c4df09ab00fbe24a8971f85fb8ed7672",
                "sha256:775981d4b2e54a788b342c456f9d3991e4cfb23833d600778deec88f801ef670",
                "sha256:ba222e33fab8cb1382ccababb25273c80c94a5962f999858d5e1f333c7015e0f",
                "sha256:c82a629b8a4b574bec4349c4d73e9212f15c798920ad981482acba07502960b6",
                "sha256:d355c98d58375a32a4a155173fbb9a1e36b5677dd65595e6b8ab5c7e3b562bf3",
                "sha256:ecec1210c50c91bc971d13cce21f0d60cc6d13c2205e49ca2cdc519e086dae44",
                "sha256:ee9ff47ce3a6c20b89600d2ea759dac48ef5f51f2c6ed409571a27a5f1662514",
                "sha256:f3747bd616dcd169a097df6b4ea54228cb849ba94f9fd83708521cc12e06603b"
            ],
            "index": "pypi",
            "version": "==4.4.0.44"
        },
        "opencv-python": {
            "hashes": [
                "sha256:03a2a01c1fd1169c96e33063041de8bd72659187ee157b42579ac15ba1eaed84",
                "sha256:2d7181944c5ecd9a769ea12b7f5b96d20bf2f6053823a8b94f3e4ef9d5e5fcff",
                "sha256:30acdf38ef78eafc3069d3bd48934b2c45fe8066c5954bab08f85ccb0e657b53",
                "sha256:399506ec1de6a1dbf8ee88ba0c8e0835909550d1ecfd82162e81172061d78eca",
                "sha256:52bd3022f65d00b40d854edfa6e1bb3593be41dae8c89352589e75ec28698cc9",
                "sha256:552ce4807c38ff3d0dcf062be2f15f2c422e50dabd903b1866dc2b26bb39c439",
                "sha256:8ae22b3cec89a39c634fcf541eeb98c55928d928b1318de4e381e2248a3f9cdd",
                "sha256:9b1650874e430ddedd4580a6fb93570714ce5e7748cf9c14d6f87e509c96e3dc",
                "sha256:9d3a10ca9518ec8db2dcbea566e1f4ac7d8a58905cad810ec668d2bf08fa2ac0",
                "sha256:b11da1a5ce310b13785597291f96bd5aeab00e9d993a575b7ce3afdd77fed6b4",
                "sha256:e05b942f3d1384d7a9fefc6b494b7349f0926a83442d43a4b20d4000cecba3e0",
                "sha256:e2534cb5a2dd4e86fc6927fde3e1b9a9cdc684f3a5bd4335f334d3afa392d755",
                "sha256:e4353d55dfd9f687e9f791d66148fbce511555b899943deab2f341a35f4c565e",
                "sha256:e500131871182746f4d9dd6049885d0b6d691ffb636f1b5a18b1125490f9dfee",
                "sha256:fb17c71ac963f42689776e423d889dc7bd5d1a6702d438a2ca508447a391c536",
                "sha256:fcdc1e86a8bd6d7d122f0e0271b48edd0060b3e82cda1b7fb55bf7345ccd687f"
            ],
            "index": "pypi",
            "version": "==3.4.11.43"
        },
        "protobuf": {
            "hashes": [
                "sha256:0d4719e724472e296062ba8e82a36d64693fcfdb550d9dff98af70ca79eafe3d",
                "sha256:2b35602cb65d53c168c104469e714bf68670335044c38eee3c899d6a8af03ffc",
                "sha256:32fff501b6df3050936d1839b80ea5899bf34db24792d223d7640611f67de15a",
                "sha256:34400fd76f85bdae9a2e9c1444ea4699c0280962423eff4418765deceebd81b5",
                "sha256:3767c64593a49c7ac0accd08ed39ce42744405f0989d468f0097a17496fdbe84",
                "sha256:3f2ed842e8ca43b790cb4a101bcf577226e0ded98a6a6ba2d5e12095a08dc4da",
                "sha256:52c1e44e25f2949be7ffa7c66acbfea940b0945dd416920231f7cb30ea5ac6db",
                "sha256:5d9b5c8270461706973c3871c6fbdd236b51dfe9dab652f1fb6a36aa88287e47",
                "sha256:72d357cc4d834cc85bd957e8b8e1f4b64c2eac9ca1a942efeb8eb2e723fca852",
                "sha256:79cd8d0a269b714f6b32641f86928c718e8d234466919b3f552bfb069dbb159b",
                "sha256:a4c0c6f2f95a559e59a0258d3e4b186f340cbdc5adec5ce1bc06d01972527c88",
                "sha256:b309fda192850ac4184ca1777aab9655564bc8d10a9cc98f10e1c8bf11295c22",
                "sha256:b3d7d4b4945fe3c001403b6c24442901a5e58c0a3059290f5a63523ed4435f82",
                "sha256:c8829092c5aeb61619161269b2f8a2e36fd7cb26abbd9282d3bc453f02769146"
            ],
            "markers": "python_version >= '3.7'",
            "version": "==4.21.1"
        },
        "pytube3": {
            "hashes": [
                "sha256:98ae480a2d637572582e5c8b2e90fb7495f6d3a56daaffa7b2055113380f7d61",
                "sha256:a02694b097c897a2afc68777e142a3d5268046960d01d4e01ac0584fda4499b1"
            ],
            "index": "pypi",
            "version": "==9.6.4"
        },
        "six": {
            "hashes": [
                "sha256:1e61c37477a1626458e36f7b1d82aa5c9b094fa4802892072e49de9c60c4c926",
                "sha256:8abb2f1d86890a2dfb989f9a77cfcfd3e47c2a354b01111771326f8aa26e0254"
            ],
            "markers": "python_version >= '2.7' and python_version not in '3.0, 3.1, 3.2, 3.3'",
            "version": "==1.16.0"
        },
        "typing-extensions": {
            "hashes": [
                "sha256:6657594ee297170d19f67d55c05852a874e7eb634f4f753dbd667855e07c1708",
                "sha256:f1c24655a0da0d1b67f07e17a5e6b2a105894e6824b92096378bb3668ef02376"
            ],
            "markers": "python_version >= '3.7'",
            "version": "==4.2.0"
        },
        "typish": {
            "hashes": [
                "sha256:03cfee5e6eb856dbf90244e18f4e4c41044c8790d5779f4e775f63f982e2f896"
            ],
            "version": "==1.9.3"
        },
        "wheel": {
            "hashes": [
                "sha256:4bdcd7d840138086126cd09254dc6195fb4fc6f01c050a1d7236f2630db1d22a",
                "sha256:e9a504e793efbca1b8e0e9cb979a249cf4a0a7b5b8c9e8b65a5e39d49529c1c4"
            ],
            "markers": "python_version >= '2.7' and python_version not in '3.0, 3.1, 3.2, 3.3, 3.4'",
            "version": "==0.37.1"
        }
    },
    "develop": {}
}
